
Microsoft Visual Studio Solution File, Format Version 12.00
# Visual Studio 14
VisualStudioVersion = 14.0.24720.0
MinimumVisualStudioVersion = 10.0.40219.1
Project("{FAE04EC0-301F-11D3-BF4B-00C04F79EFBC}") = "UnitTestLabo3", "UnitTestLabo3\UnitTestLabo3.csproj", "{02F769BB-FB36-4902-8958-101DF4F189F6}"
EndProject
Project("{FAE04EC0-301F-11D3-BF4B-00C04F79EFBC}") = "WPFClient", "WPFClient\WPFClient.csproj", "{8A3822D2-71BB-488C-BBFA-C9C75E77F668}"
EndProject
Project("{FAE04EC0-301F-11D3-BF4B-00C04F79EFBC}") = "Labo3", "Labo3\Labo3.csproj", "{8489DF32-0D3D-4EF0-8666-0B495CDE1FE7}"
EndProject
Global
	GlobalSection(SolutionConfigurationPlatforms) = preSolution
		Debug|Any CPU = Debug|Any CPU
		Release|Any CPU = Release|Any CPU
	EndGlobalSection
	GlobalSection(ProjectConfigurationPlatforms) = postSolution
		{02F769BB-FB36-4902-8958-101DF4F189F6}.Debug|Any CPU.ActiveCfg = Debug|Any CPU
		{02F769BB-FB36-4902-8958-101DF4F189F6}.Debug|Any CPU.Build.0 = Debug|Any CPU
		{02F769BB-FB36-4902-8958-101DF4F189F6}.Release|Any CPU.ActiveCfg = Release|Any CPU
		{02F769BB-FB36-4902-8958-101DF4F189F6}.Release|Any CPU.Build.0 = Release|Any CPU
		{8A3822D2-71BB-488C-BBFA-C9C75E77F668}.Debug|Any CPU.ActiveCfg = Debug|Any CPU
		{8A3822D2-71BB-488C-BBFA-C9C75E77F668}.Debug|Any CPU.Build.0 = Debug|Any CPU
		{8A3822D2-71BB-488C-BBFA-C9C75E77F668}.Release|Any CPU.ActiveCfg = Release|Any CPU
		{8A3822D2-71BB-488C-BBFA-C9C75E77F668}.Release|Any CPU.Build.0 = Release|Any CPU
		{8489DF32-0D3D-4EF0-8666-0B495CDE1FE7}.Debug|Any CPU.ActiveCfg = Debug|Any CPU
		{8489DF32-0D3D-4EF0-8666-0B495CDE1FE7}.Debug|Any CPU.Build.0 = Debug|Any CPU
		{8489DF32-0D3D-4EF0-8666-0B495CDE1FE7}.Release|Any CPU.ActiveCfg = Release|Any CPU
		{8489DF32-0D3D-4EF0-8666-0B495CDE1FE7}.Release|Any CPU.Build.0 = Release|Any CPU
	EndGlobalSection
	GlobalSection(SolutionProperties) = preSolution
		HideSolutionNode = FALSE
	EndGlobalSection
EndGlobal
